
Microsoft Visual Studio Solution File, Format Version 12.00
# Visual Studio Version 16
VisualStudioVersion = 16.0.31019.35
MinimumVisualStudioVersion = 10.0.40219.1
Project("{8BC9CEB8-8B4A-11D0-8D11-00A0C91BC942}") = "Strukture_Podataka9", "Strukture_Podataka9\Strukture_Podataka9.vcxproj", "{8E8EB4D5-670D-406C-B862-56FADFAC5793}"
EndProject
Global
	GlobalSection(SolutionConfigurationPlatforms) = preSolution
		Debug|x64 = Debug|x64
		Debug|x86 = Debug|x86
		Release|x64 = Release|x64
		Release|x86 = Release|x86
	EndGlobalSection
	GlobalSection(ProjectConfigurationPlatforms) = postSolution
		{8E8EB4D5-670D-406C-B862-56FADFAC5793}.Debug|x64.ActiveCfg = Debug|x64
		{8E8EB4D5-670D-406C-B862-56FADFAC5793}.Debug|x64.Build.0 = Debug|x64
		{8E8EB4D5-670D-406C-B862-56FADFAC5793}.Debug|x86.ActiveCfg = Debug|Win32
		{8E8EB4D5-670D-406C-B862-56FADFAC5793}.Debug|x86.Build.0 = Debug|Win32
		{8E8EB4D5-670D-406C-B862-56FADFAC5793}.Release|x64.ActiveCfg = Release|x64
		{8E8EB4D5-670D-406C-B862-56FADFAC5793}.Release|x64.Build.0 = Release|x64
		{8E8EB4D5-670D-406C-B862-56FADFAC5793}.Release|x86.ActiveCfg = Release|Win32
		{8E8EB4D5-670D-406C-B862-56FADFAC5793}.Release|x86.Build.0 = Release|Win32
	EndGlobalSection
	GlobalSection(SolutionProperties) = preSolution
		HideSolutionNode = FALSE
	EndGlobalSection
	GlobalSection(ExtensibilityGlobals) = postSolution
		SolutionGuid = {9A62C7FE-AD7B-4FC0-BC37-EAF94775B9BC}
	EndGlobalSection
EndGlobal
